github.com/kelseyhightower/run v0.0.13 h1:IjQ+kGQ8hS2STOdFLvoNIY2XU5mGuBZGRnwrPXmRzXw=
github.com/kelseyhightower/run v0.0.13/go.mod h1:qggbYejLh94f8K/ZWW+lAbp1tOVzNgrD4coywoKhTXw=
github.com/kelseyhightower/run v0.0.14 h1:3ELjJNpmkWG7fqGsuouYUh0TX1BygkPAFOgW/QlDDgo=
github.com/kelseyhightower/run v0.0.14/go.mod h1:qggbYejLh94f8K/ZWW+lAbp1tOVzNgrD4coywoKhTXw=
github.com/kelseyhightower/run v0.0.16 h1:j6KBSSQFjKvNO99+zs4tkqWCgNDBcF3kN9ghjOyhXHg=
github.com/kelseyhightower/run v0.0.16/go.mod h1:qggbYejLh94f8K/ZWW+lAbp1tOVzNgrD4coywoKhTXw=
